// !$*UTF8*$!
{
	archiveVersion = 1;
	classes = {
	};
	objectVersion = 50;
	objects = {

/* Begin PBXBuildFile section */
		931DDB90256B4B3C00F6CCF7 /* AppDelegate.swift in Sources */ = {isa = PBXBuildFile; fileRef = 931DDB8F256B4B3C00F6CCF7 /* AppDelegate.swift */; };
		931DDB92256B4B3C00F6CCF7 /* SceneDelegate.swift in Sources */ = {isa = PBXBuildFile; fileRef = 931DDB91256B4B3C00F6CCF7 /* SceneDelegate.swift */; };
		931DDB94256B4B3C00F6CCF7 /* ViewController.swift in Sources */ = {isa = PBXBuildFile; fileRef = 931DDB93256B4B3C00F6CCF7 /* ViewController.swift */; };
		931DDB97256B4B3C00F6CCF7 /* Main.storyboard in Resources */ = {isa = PBXBuildFile; fileRef = 931DDB95256B4B3C00F6CCF7 /* Main.storyboard */; };
		931DDB99256B4B3F00F6CCF7 /* Assets.xcassets in Resources */ = {isa = PBXBuildFile; fileRef = 931DDB98256B4B3F00F6CCF7 /* Assets.xcassets */; };
		931DDB9C256B4B3F00F6CCF7 /* LaunchScreen.storyboard in Resources */ = {isa = PBXBuildFile; fileRef = 931DDB9A256B4B3F00F6CCF7 /* LaunchScreen.storyboard */; };
		931DDBB0256B526400F6CCF7 /* HangeulSigye.swift in Sources */ = {isa = PBXBuildFile; fileRef = 931DDBAF256B526400F6CCF7 /* HangeulSigye.swift */; };
/* End PBXBuildFile section */

/* Begin PBXFileReference section */
		931DDB8C256B4B3C00F6CCF7 /* HangeulSigyeApp.app */ = {isa = PBXFileReference; explicitFileType = wrapper.application; includeInIndex = 0; path = HangeulSigyeApp.app; sourceTree = BUILT_PRODUCTS_DIR; };
		931DDB8F256B4B3C00F6CCF7 /* AppDelegate.swift */ = {isa = PBXFileReference; lastKnownFileType = sourcecode.swift; path = AppDelegate.swift; sourceTree = "<group>"; };
		931DDB91256B4B3C00F6CCF7 /* SceneDelegate.swift */ = {isa = PBXFileReference; lastKnownFileType = sourcecode.swift; path = SceneDelegate.swift; sourceTree = "<group>"; };
		931DDB93256B4B3C00F6CCF7 /* ViewController.swift */ = {isa = PBXFileReference; lastKnownFileType = sourcecode.swift; path = ViewController.swift; sourceTree = "<group>"; };
		931DDB96256B4B3C00F6CCF7 /* Base */ = {isa = PBXFileReference; lastKnownFileType = file.storyboard; name = Base; path = Base.lproj/Main.storyboard; sourceTree = "<group>"; };
		931DDB98256B4B3F00F6CCF7 /* Assets.xcassets */ = {isa = PBXFileReference; lastKnownFileType = folder.assetcatalog; path = Assets.xcassets; sourceTree = "<group>"; };
		931DDB9B256B4B3F00F6CCF7 /* Base */ = {isa = PBXFileReference; lastKnownFileType = file.storyboard; name = Base; path = Base.lproj/LaunchScreen.storyboard; sourceTree = "<group>"; };
		931DDB9D256B4B3F00F6CCF7 /* Info.plist */ = {isa = PBXFileReference; lastKnownFileType = text.plist.xml; path = Info.plist; sourceTree = "<group>"; };
		931DDBAF256B526400F6CCF7 /* HangeulSigye.swift */ = {isa = PBXFileReference; lastKnownFileType = sourcecode.swift; path = HangeulSigye.swift; sourceTree = "<group>"; };
/* End PBXFileReference section */

/* Begin PBXFrameworksBuildPhase section */
		931DDB89256B4B3C00F6CCF7 /* Frameworks */ = {
			isa = PBXFrameworksBuildPhase;
			buildActionMask = 2147483647;
			files = (
			);
			runOnlyForDeploymentPostprocessing = 0;
		};
/* End PBXFrameworksBuildPhase section */

/* Begin PBXGroup section */
		931DDB83256B4B3C00F6CCF7 = {
			isa = PBXGroup;
			children = (
				931DDB8E256B4B3C00F6CCF7 /* HangeulSigyeApp */,
				931DDB8D256B4B3C00F6CCF7 /* Products */,
			);
			sourceTree = "<group>";
		};
		931DDB8D256B4B3C00F6CCF7 /* Products */ = {
			isa = PBXGroup;
			children = (
				931DDB8C256B4B3C00F6CCF7 /* HangeulSigyeApp.app */,
			);
			name = Products;
			sourceTree = "<group>";
		};
		931DDB8E256B4B3C00F6CCF7 /* HangeulSigyeApp */ = {
			isa = PBXGroup;
			children = (
				931DDB8F256B4B3C00F6CCF7 /* AppDelegate.swift */,
				931DDB91256B4B3C00F6CCF7 /* SceneDelegate.swift */,
				931DDB93256B4B3C00F6CCF7 /* ViewController.swift */,
				931DDBAF256B526400F6CCF7 /* HangeulSigye.swift */,
				931DDB95256B4B3C00F6CCF7 /* Main.storyboard */,
				931DDB98256B4B3F00F6CCF7 /* Assets.xcassets */,
				931DDB9A256B4B3F00F6CCF7 /* LaunchScreen.storyboard */,
				931DDB9D256B4B3F00F6CCF7 /* Info.plist */,
			);
			path = HangeulSigyeApp;
			sourceTree = "<group>";
		};
/* End PBXGroup section */

/* Begin PBXNativeTarget section */
		931DDB8B256B4B3C00F6CCF7 /* HangeulSigyeApp */ = {
			isa = PBXNativeTarget;
			buildConfigurationList = 931DDBA0256B4B3F00F6CCF7 /* Build configuration list for PBXNativeTarget "HangeulSigyeApp" */;
			buildPhases = (
				931DDB88256B4B3C00F6CCF7 /* Sources */,
				931DDB89256B4B3C00F6CCF7 /* Frameworks */,
				931DDB8A256B4B3C00F6CCF7 /* Resources */,
			);
			buildRules = (
			);
			dependencies = (
			);
			name = HangeulSigyeApp;
			productName = HangeulSigyeApp;
			productReference = 931DDB8C256B4B3C00F6CCF7 /* HangeulSigyeApp.app */;
			productType = "com.apple.product-type.application";
		};
/* End PBXNativeTarget section */

/* Begin PBXProject section */
		931DDB84256B4B3C00F6CCF7 /* Project object */ = {
			isa = PBXProject;
			attributes = {
				LastSwiftUpdateCheck = 1220;
				LastUpgradeCheck = 1220;
				TargetAttributes = {
					931DDB8B256B4B3C00F6CCF7 = {
						CreatedOnToolsVersion = 12.2;
					};
				};
			};
			buildConfigurationList = 931DDB87256B4B3C00F6CCF7 /* Build configuration list for PBXProject "HangeulSigyeApp" */;
			compatibilityVersion = "Xcode 9.3";
			developmentRegion = en;
			hasScannedForEncodings = 0;
			knownRegions = (
				en,
				Base,
			);
			mainGroup = 931DDB83256B4B3C00F6CCF7;
			productRefGroup = 931DDB8D256B4B3C00F6CCF7 /* Products */;
			projectDirPath = "";
			projectRoot = "";
			targets = (
				931DDB8B256B4B3C00F6CCF7 /* HangeulSigyeApp */,
			);
		};
/* End PBXProject section */

/* Begin PBXResourcesBuildPhase section */
		931DDB8A256B4B3C00F6CCF7 /* Resources */ = {
			isa = PBXResourcesBuildPhase;
			buildActionMask = 2147483647;
			files = (
				931DDB9C256B4B3F00F6CCF7 /* LaunchScreen.storyboard in Resources */,
				931DDB99256B4B3F00F6CCF7 /* Assets.xcassets in Resources */,
				931DDB97256B4B3C00F6CCF7 /* Main.storyboard in Resources */,
			);
			runOnlyForDeploymentPostprocessing = 0;
		};
/* End PBXResourcesBuildPhase section */

/* Begin PBXSourcesBuildPhase section */
		931DDB88256B4B3C00F6CCF7 /* Sources */ = {
			isa = PBXSourcesBuildPhase;
			buildActionMask = 2147483647;
			files = (
				931DDB94256B4B3C00F6CCF7 /* ViewController.swift in Sources */,
				931DDBB0256B526400F6CCF7 /* HangeulSigye.swift in Sources */,
				931DDB90256B4B3C00F6CCF7 /* AppDelegate.swift in Sources */,
				931DDB92256B4B3C00F6CCF7 /* SceneDelegate.swift in Sources */,
			);
			runOnlyForDeploymentPostprocessing = 0;
		};
/* End PBXSourcesBuildPhase section */

/* Begin PBXVariantGroup section */
		931DDB95256B4B3C00F6CCF7 /* Main.storyboard */ = {
			isa = PBXVariantGroup;
			children = (
				931DDB96256B4B3C00F6CCF7 /* Base */,
			);
			name = Main.storyboard;
			sourceTree = "<group>";
		};
		931DDB9A256B4B3F00F6CCF7 /* LaunchScreen.storyboard */ = {
			isa = PBXVariantGroup;
			children = (
				931DDB9B256B4B3F00F6CCF7 /* Base */,
			);
			name = LaunchScreen.storyboard;
			sourceTree = "<group>";
		};
/* End PBXVariantGroup section */

/* Begin XCBuildConfiguration section */
		931DDB9E256B4B3F00F6CCF7 /* Debug */ = {
			isa = XCBuildConfiguration;
			buildSettings = {
				ALWAYS_SEARCH_USER_PATHS = NO;
				CLANG_ANALYZER_NONNULL = YES;
				CLANG_ANALYZER_NUMBER_OBJECT_CONVERSION = YES_AGGRESSIVE;
				CLANG_CXX_LANGUAGE_STANDARD = "gnu++14";
				CLANG_CXX_LIBRARY = "libc++";
				CLANG_ENABLE_MODULES = YES;
				CLANG_ENABLE_OBJC_ARC = YES;
				CLANG_ENABLE_OBJC_WEAK = YES;
				CLANG_WARN_BLOCK_CAPTURE_AUTORELEASING = YES;
				CLANG_WARN_BOOL_CONVERSION = YES;
				CLANG_WARN_COMMA = YES;
				CLANG_WARN_CONSTANT_CONVERSION = YES;
				CLANG_WARN_DEPRECATED_OBJC_IMPLEMENTATIONS = YES;
				CLANG_WARN_DIRECT_OBJC_ISA_USAGE = YES_ERROR;
				CLANG_WARN_DOCUMENTATION_COMMENTS = YES;
				CLANG_WARN_EMPTY_BODY = YES;
				CLANG_WARN_ENUM_CONVERSION = YES;
				CLANG_WARN_INFINITE_RECURSION = YES;
				CLANG_WARN_INT_CONVERSION = YES;
				CLANG_WARN_NON_LITERAL_NULL_CONVERSION = YES;
				CLANG_WARN_OBJC_IMPLICIT_RETAIN_SELF = YES;
				CLANG_WARN_OBJC_LITERAL_CONVERSION = YES;
				CLANG_WARN_OBJC_ROOT_CLASS = YES_ERROR;
				CLANG_WARN_QUOTED_INCLUDE_IN_FRAMEWORK_HEADER = YES;
				CLANG_WARN_RANGE_LOOP_ANALYSIS = YES;
				CLANG_WARN_STRICT_PROTOTYPES = YES;
				CLANG_WARN_SUSPICIOUS_MOVE = YES;
				CLANG_WARN_UNGUARDED_AVAILABILITY = YES_AGGRESSIVE;
				CLANG_WARN_UNREACHABLE_CODE = YES;
				CLANG_WARN__DUPLICATE_METHOD_MATCH = YES;
				COPY_PHASE_STRIP = NO;
				DEBUG_INFORMATION_FORMAT = dwarf;
				ENABLE_STRICT_OBJC_MSGSEND = YES;
				ENABLE_TESTABILITY = YES;
				GCC_C_LANGUAGE_STANDARD = gnu11;
				GCC_DYNAMIC_NO_PIC = NO;
				GCC_NO_COMMON_BLOCKS = YES;
				GCC_OPTIMIZATION_LEVEL = 0;
				GCC_PREPROCESSOR_DEFINITIONS = (
					"DEBUG=1",
					"$(inherited)",
				);
				GCC_WARN_64_TO_32_BIT_CONVERSION = YES;
				GCC_WARN_ABOUT_RETURN_TYPE = YES_ERROR;
				GCC_WARN_UNDECLARED_SELECTOR = YES;
				GCC_WARN_UNINITIALIZED_AUTOS = YES_AGGRESSIVE;
				GCC_WARN_UNUSED_FUNCTION = YES;
				GCC_WARN_UNUSED_VARIABLE = YES;
				IPHONEOS_DEPLOYMENT_TARGET = 14.2;
				MTL_ENABLE_DEBUG_INFO = INCLUDE_SOURCE;
				MTL_FAST_MATH = YES;
				ONLY_ACTIVE_ARCH = YES;
				SDKROOT = iphoneos;
				SWIFT_ACTIVE_COMPILATION_CONDITIONS = DEBUG;
				SWIFT_OPTIMIZATION_LEVEL = "-Onone";
			};
			name = Debug;
		};
		931DDB9F256B4B3F00F6CCF7 /* Release */ = {
			isa = XCBuildConfiguration;
			buildSettings = {
				ALWAYS_SEARCH_USER_PATHS = NO;
				CLANG_ANALYZER_NONNULL = YES;
				CLANG_ANALYZER_NUMBER_OBJECT_CONVERSION = YES_AGGRESSIVE;
				CLANG_CXX_LANGUAGE_STANDARD = "gnu++14";
				CLANG_CXX_LIBRARY = "libc++";
				CLANG_ENABLE_MODULES = YES;
				CLANG_ENABLE_OBJC_ARC = YES;
				CLANG_ENABLE_OBJC_WEAK = YES;
				CLANG_WARN_BLOCK_CAPTURE_AUTORELEASING = YES;
				CLANG_WARN_BOOL_CONVERSION = YES;
				CLANG_WARN_COMMA = YES;
				CLANG_WARN_CONSTANT_CONVERSION = YES;
				CLANG_WARN_DEPRECATED_OBJC_IMPLEMENTATIONS = YES;
				CLANG_WARN_DIRECT_OBJC_ISA_USAGE = YES_ERROR;
				CLANG_WARN_DOCUMENTATION_COMMENTS = YES;
				CLANG_WARN_EMPTY_BODY = YES;
				CLANG_WARN_ENUM_CONVERSION = YES;
				CLANG_WARN_INFINITE_RECURSION = YES;
				CLANG_WARN_INT_CONVERSION = YES;
				CLANG_WARN_NON_LITERAL_NULL_CONVERSION = YES;
				CLANG_WARN_OBJC_IMPLICIT_RETAIN_SELF = YES;
				CLANG_WARN_OBJC_LITERAL_CONVERSION = YES;
				CLANG_WARN_OBJC_ROOT_CLASS = YES_ERROR;
				CLANG_WARN_QUOTED_INCLUDE_IN_FRAMEWORK_HEADER = YES;
				CLANG_WARN_RANGE_LOOP_ANALYSIS = YES;
				CLANG_WARN_STRICT_PROTOTYPES = YES;
				CLANG_WARN_SUSPICIOUS_MOVE = YES;
				CLANG_WARN_UNGUARDED_AVAILABILITY = YES_AGGRESSIVE;
				CLANG_WARN_UNREACHABLE_CODE = YES;
				CLANG_WARN__DUPLICATE_METHOD_MATCH = YES;
				COPY_PHASE_STRIP = NO;
				DEBUG_INFORMATION_FORMAT = "dwarf-with-dsym";
				ENABLE_NS_ASSERTIONS = NO;
				ENABLE_STRICT_OBJC_MSGSEND = YES;
				GCC_C_LANGUAGE_STANDARD = gnu11;
				GCC_NO_COMMON_BLOCKS = YES;
				GCC_WARN_64_TO_32_BIT_CONVERSION = YES;
				GCC_WARN_ABOUT_RETURN_TYPE = YES_ERROR;
				GCC_WARN_UNDECLARED_SELECTOR = YES;
				GCC_WARN_UNINITIALIZED_AUTOS = YES_AGGRESSIVE;
				GCC_WARN_UNUSED_FUNCTION = YES;
				GCC_WARN_UNUSED_VARIABLE = YES;
				IPHONEOS_DEPLOYMENT_TARGET = 14.2;
				MTL_ENABLE_DEBUG_INFO = NO;
				MTL_FAST_MATH = YES;
				SDKROOT = iphoneos;
				SWIFT_COMPILATION_MODE = wholemodule;
				SWIFT_OPTIMIZATION_LEVEL = "-O";
				VALIDATE_PRODUCT = YES;
			};
			name = Release;
		};
		931DDBA1256B4B3F00F6CCF7 /* Debug */ = {
			isa = XCBuildConfiguration;
			buildSettings = {
				ASSETCATALOG_COMPILER_APPICON_NAME = AppIcon;
				ASSETCATALOG_COMPILER_GLOBAL_ACCENT_COLOR_NAME = AccentColor;
				CODE_SIGN_STYLE = Automatic;
				DEVELOPMENT_TEAM = 2Y36S8SCD5;
				INFOPLIST_FILE = HangeulSigyeApp/Info.plist;
				IPHONEOS_DEPLOYMENT_TARGET = 13.0;
				LD_RUNPATH_SEARCH_PATHS = (
					"$(inherited)",
					"@executable_path/Frameworks",
				);
				PRODUCT_BUNDLE_IDENTIFIER = com.zombietux.HangeulSigyeApp;
				PRODUCT_NAME = "$(TARGET_NAME)";
				SWIFT_VERSION = 5.0;
				TARGETED_DEVICE_FAMILY = "1,2";
			};
			name = Debug;
		};
		931DDBA2256B4B3F00F6CCF7 /* Release */ = {
			isa = XCBuildConfiguration;
			buildSettings = {
				ASSETCATALOG_COMPILER_APPICON_NAME = AppIcon;
				ASSETCATALOG_COMPILER_GLOBAL_ACCENT_COLOR_NAME = AccentColor;
				CODE_SIGN_STYLE = Automatic;
				DEVELOPMENT_TEAM = 2Y36S8SCD5;
				INFOPLIST_FILE = HangeulSigyeApp/Info.plist;
				IPHONEOS_DEPLOYMENT_TARGET = 13.0;
				LD_RUNPATH_SEARCH_PATHS = (
					"$(inherited)",
					"@executable_path/Frameworks",
				);
				PRODUCT_BUNDLE_IDENTIFIER = com.zombietux.HangeulSigyeApp;
				PRODUCT_NAME = "$(TARGET_NAME)";
				SWIFT_VERSION = 5.0;
				TARGETED_DEVICE_FAMILY = "1,2";
			};
			name = Release;
		};
/* End XCBuildConfiguration section */

/* Begin XCConfigurationList section */
		931DDB87256B4B3C00F6CCF7 /* Build configuration list for PBXProject "HangeulSigyeApp" */ = {
			isa = XCConfigurationList;
			buildConfigurations = (
				931DDB9E256B4B3F00F6CCF7 /* Debug */,
				931DDB9F256B4B3F00F6CCF7 /* Release */,
			);
			defaultConfigurationIsVisible = 0;
			defaultConfigurationName = Release;
		};
		931DDBA0256B4B3F00F6CCF7 /* Build configuration list for PBXNativeTarget "HangeulSigyeApp" */ = {
			isa = XCConfigurationList;
			buildConfigurations = (
				931DDBA1256B4B3F00F6CCF7 /* Debug */,
				931DDBA2256B4B3F00F6CCF7 /* Release */,
			);
			defaultConfigurationIsVisible = 0;
			defaultConfigurationName = Release;
		};
/* End XCConfigurationList section */
	};
	rootObject = 931DDB84256B4B3C00F6CCF7 /* Project object */;
}
