// !$*UTF8*$!
{
	archiveVersion = 1;
	classes = {
	};
	objectVersion = 50;
	objects = {

/* Begin PBXBuildFile section */
		933C60062562495A0038A9EA /* AppDelegate.swift in Sources */ = {isa = PBXBuildFile; fileRef = 933C60052562495A0038A9EA /* AppDelegate.swift */; };
		933C60082562495A0038A9EA /* SceneDelegate.swift in Sources */ = {isa = PBXBuildFile; fileRef = 933C60072562495A0038A9EA /* SceneDelegate.swift */; };
		933C600A2562495A0038A9EA /* ViewController.swift in Sources */ = {isa = PBXBuildFile; fileRef = 933C60092562495A0038A9EA /* ViewController.swift */; };
		933C600D2562495A0038A9EA /* Main.storyboard in Resources */ = {isa = PBXBuildFile; fileRef = 933C600B2562495A0038A9EA /* Main.storyboard */; };
		933C600F2562495B0038A9EA /* Assets.xcassets in Resources */ = {isa = PBXBuildFile; fileRef = 933C600E2562495B0038A9EA /* Assets.xcassets */; };
		933C60122562495B0038A9EA /* LaunchScreen.storyboard in Resources */ = {isa = PBXBuildFile; fileRef = 933C60102562495B0038A9EA /* LaunchScreen.storyboard */; };
		933C601B25624BF30038A9EA /* NumberTicket.swift in Sources */ = {isa = PBXBuildFile; fileRef = 933C601A25624BF30038A9EA /* NumberTicket.swift */; };
/* End PBXBuildFile section */

/* Begin PBXFileReference section */
		933C60022562495A0038A9EA /* NumberTicketApp.app */ = {isa = PBXFileReference; explicitFileType = wrapper.application; includeInIndex = 0; path = NumberTicketApp.app; sourceTree = BUILT_PRODUCTS_DIR; };
		933C60052562495A0038A9EA /* AppDelegate.swift */ = {isa = PBXFileReference; lastKnownFileType = sourcecode.swift; path = AppDelegate.swift; sourceTree = "<group>"; };
		933C60072562495A0038A9EA /* SceneDelegate.swift */ = {isa = PBXFileReference; lastKnownFileType = sourcecode.swift; path = SceneDelegate.swift; sourceTree = "<group>"; };
		933C60092562495A0038A9EA /* ViewController.swift */ = {isa = PBXFileReference; lastKnownFileType = sourcecode.swift; path = ViewController.swift; sourceTree = "<group>"; };
		933C600C2562495A0038A9EA /* Base */ = {isa = PBXFileReference; lastKnownFileType = file.storyboard; name = Base; path = Base.lproj/Main.storyboard; sourceTree = "<group>"; };
		933C600E2562495B0038A9EA /* Assets.xcassets */ = {isa = PBXFileReference; lastKnownFileType = folder.assetcatalog; path = Assets.xcassets; sourceTree = "<group>"; };
		933C60112562495B0038A9EA /* Base */ = {isa = PBXFileReference; lastKnownFileType = file.storyboard; name = Base; path = Base.lproj/LaunchScreen.storyboard; sourceTree = "<group>"; };
		933C60132562495B0038A9EA /* Info.plist */ = {isa = PBXFileReference; lastKnownFileType = text.plist.xml; path = Info.plist; sourceTree = "<group>"; };
		933C601A25624BF30038A9EA /* NumberTicket.swift */ = {isa = PBXFileReference; lastKnownFileType = sourcecode.swift; path = NumberTicket.swift; sourceTree = "<group>"; };
/* End PBXFileReference section */

/* Begin PBXFrameworksBuildPhase section */
		933C5FFF2562495A0038A9EA /* Frameworks */ = {
			isa = PBXFrameworksBuildPhase;
			buildActionMask = 2147483647;
			files = (
			);
			runOnlyForDeploymentPostprocessing = 0;
		};
/* End PBXFrameworksBuildPhase section */

/* Begin PBXGroup section */
		933C5FF92562495A0038A9EA = {
			isa = PBXGroup;
			children = (
				933C60042562495A0038A9EA /* NumberTicketApp */,
				933C60032562495A0038A9EA /* Products */,
			);
			sourceTree = "<group>";
		};
		933C60032562495A0038A9EA /* Products */ = {
			isa = PBXGroup;
			children = (
				933C60022562495A0038A9EA /* NumberTicketApp.app */,
			);
			name = Products;
			sourceTree = "<group>";
		};
		933C60042562495A0038A9EA /* NumberTicketApp */ = {
			isa = PBXGroup;
			children = (
				933C60052562495A0038A9EA /* AppDelegate.swift */,
				933C60072562495A0038A9EA /* SceneDelegate.swift */,
				933C60092562495A0038A9EA /* ViewController.swift */,
				933C601A25624BF30038A9EA /* NumberTicket.swift */,
				933C600B2562495A0038A9EA /* Main.storyboard */,
				933C600E2562495B0038A9EA /* Assets.xcassets */,
				933C60102562495B0038A9EA /* LaunchScreen.storyboard */,
				933C60132562495B0038A9EA /* Info.plist */,
			);
			path = NumberTicketApp;
			sourceTree = "<group>";
		};
/* End PBXGroup section */

/* Begin PBXNativeTarget section */
		933C60012562495A0038A9EA /* NumberTicketApp */ = {
			isa = PBXNativeTarget;
			buildConfigurationList = 933C60162562495B0038A9EA /* Build configuration list for PBXNativeTarget "NumberTicketApp" */;
			buildPhases = (
				933C5FFE2562495A0038A9EA /* Sources */,
				933C5FFF2562495A0038A9EA /* Frameworks */,
				933C60002562495A0038A9EA /* Resources */,
			);
			buildRules = (
			);
			dependencies = (
			);
			name = NumberTicketApp;
			productName = NumberTicketApp;
			productReference = 933C60022562495A0038A9EA /* NumberTicketApp.app */;
			productType = "com.apple.product-type.application";
		};
/* End PBXNativeTarget section */

/* Begin PBXProject section */
		933C5FFA2562495A0038A9EA /* Project object */ = {
			isa = PBXProject;
			attributes = {
				LastSwiftUpdateCheck = 1210;
				LastUpgradeCheck = 1210;
				TargetAttributes = {
					933C60012562495A0038A9EA = {
						CreatedOnToolsVersion = 12.1;
					};
				};
			};
			buildConfigurationList = 933C5FFD2562495A0038A9EA /* Build configuration list for PBXProject "NumberTicketApp" */;
			compatibilityVersion = "Xcode 9.3";
			developmentRegion = en;
			hasScannedForEncodings = 0;
			knownRegions = (
				en,
				Base,
			);
			mainGroup = 933C5FF92562495A0038A9EA;
			productRefGroup = 933C60032562495A0038A9EA /* Products */;
			projectDirPath = "";
			projectRoot = "";
			targets = (
				933C60012562495A0038A9EA /* NumberTicketApp */,
			);
		};
/* End PBXProject section */

/* Begin PBXResourcesBuildPhase section */
		933C60002562495A0038A9EA /* Resources */ = {
			isa = PBXResourcesBuildPhase;
			buildActionMask = 2147483647;
			files = (
				933C60122562495B0038A9EA /* LaunchScreen.storyboard in Resources */,
				933C600F2562495B0038A9EA /* Assets.xcassets in Resources */,
				933C600D2562495A0038A9EA /* Main.storyboard in Resources */,
			);
			runOnlyForDeploymentPostprocessing = 0;
		};
/* End PBXResourcesBuildPhase section */

/* Begin PBXSourcesBuildPhase section */
		933C5FFE2562495A0038A9EA /* Sources */ = {
			isa = PBXSourcesBuildPhase;
			buildActionMask = 2147483647;
			files = (
				933C600A2562495A0038A9EA /* ViewController.swift in Sources */,
				933C60062562495A0038A9EA /* AppDelegate.swift in Sources */,
				933C601B25624BF30038A9EA /* NumberTicket.swift in Sources */,
				933C60082562495A0038A9EA /* SceneDelegate.swift in Sources */,
			);
			runOnlyForDeploymentPostprocessing = 0;
		};
/* End PBXSourcesBuildPhase section */

/* Begin PBXVariantGroup section */
		933C600B2562495A0038A9EA /* Main.storyboard */ = {
			isa = PBXVariantGroup;
			children = (
				933C600C2562495A0038A9EA /* Base */,
			);
			name = Main.storyboard;
			sourceTree = "<group>";
		};
		933C60102562495B0038A9EA /* LaunchScreen.storyboard */ = {
			isa = PBXVariantGroup;
			children = (
				933C60112562495B0038A9EA /* Base */,
			);
			name = LaunchScreen.storyboard;
			sourceTree = "<group>";
		};
/* End PBXVariantGroup section */

/* Begin XCBuildConfiguration section */
		933C60142562495B0038A9EA /* Debug */ = {
			isa = XCBuildConfiguration;
			buildSettings = {
				ALWAYS_SEARCH_USER_PATHS = NO;
				CLANG_ANALYZER_NONNULL = YES;
				CLANG_ANALYZER_NUMBER_OBJECT_CONVERSION = YES_AGGRESSIVE;
				CLANG_CXX_LANGUAGE_STANDARD = "gnu++14";
				CLANG_CXX_LIBRARY = "libc++";
				CLANG_ENABLE_MODULES = YES;
				CLANG_ENABLE_OBJC_ARC = YES;
				CLANG_ENABLE_OBJC_WEAK = YES;
				CLANG_WARN_BLOCK_CAPTURE_AUTORELEASING = YES;
				CLANG_WARN_BOOL_CONVERSION = YES;
				CLANG_WARN_COMMA = YES;
				CLANG_WARN_CONSTANT_CONVERSION = YES;
				CLANG_WARN_DEPRECATED_OBJC_IMPLEMENTATIONS = YES;
				CLANG_WARN_DIRECT_OBJC_ISA_USAGE = YES_ERROR;
				CLANG_WARN_DOCUMENTATION_COMMENTS = YES;
				CLANG_WARN_EMPTY_BODY = YES;
				CLANG_WARN_ENUM_CONVERSION = YES;
				CLANG_WARN_INFINITE_RECURSION = YES;
				CLANG_WARN_INT_CONVERSION = YES;
				CLANG_WARN_NON_LITERAL_NULL_CONVERSION = YES;
				CLANG_WARN_OBJC_IMPLICIT_RETAIN_SELF = YES;
				CLANG_WARN_OBJC_LITERAL_CONVERSION = YES;
				CLANG_WARN_OBJC_ROOT_CLASS = YES_ERROR;
				CLANG_WARN_QUOTED_INCLUDE_IN_FRAMEWORK_HEADER = YES;
				CLANG_WARN_RANGE_LOOP_ANALYSIS = YES;
				CLANG_WARN_STRICT_PROTOTYPES = YES;
				CLANG_WARN_SUSPICIOUS_MOVE = YES;
				CLANG_WARN_UNGUARDED_AVAILABILITY = YES_AGGRESSIVE;
				CLANG_WARN_UNREACHABLE_CODE = YES;
				CLANG_WARN__DUPLICATE_METHOD_MATCH = YES;
				COPY_PHASE_STRIP = NO;
				DEBUG_INFORMATION_FORMAT = dwarf;
				ENABLE_STRICT_OBJC_MSGSEND = YES;
				ENABLE_TESTABILITY = YES;
				GCC_C_LANGUAGE_STANDARD = gnu11;
				GCC_DYNAMIC_NO_PIC = NO;
				GCC_NO_COMMON_BLOCKS = YES;
				GCC_OPTIMIZATION_LEVEL = 0;
				GCC_PREPROCESSOR_DEFINITIONS = (
					"DEBUG=1",
					"$(inherited)",
				);
				GCC_WARN_64_TO_32_BIT_CONVERSION = YES;
				GCC_WARN_ABOUT_RETURN_TYPE = YES_ERROR;
				GCC_WARN_UNDECLARED_SELECTOR = YES;
				GCC_WARN_UNINITIALIZED_AUTOS = YES_AGGRESSIVE;
				GCC_WARN_UNUSED_FUNCTION = YES;
				GCC_WARN_UNUSED_VARIABLE = YES;
				IPHONEOS_DEPLOYMENT_TARGET = 14.1;
				MTL_ENABLE_DEBUG_INFO = INCLUDE_SOURCE;
				MTL_FAST_MATH = YES;
				ONLY_ACTIVE_ARCH = YES;
				SDKROOT = iphoneos;
				SWIFT_ACTIVE_COMPILATION_CONDITIONS = DEBUG;
				SWIFT_OPTIMIZATION_LEVEL = "-Onone";
			};
			name = Debug;
		};
		933C60152562495B0038A9EA /* Release */ = {
			isa = XCBuildConfiguration;
			buildSettings = {
				ALWAYS_SEARCH_USER_PATHS = NO;
				CLANG_ANALYZER_NONNULL = YES;
				CLANG_ANALYZER_NUMBER_OBJECT_CONVERSION = YES_AGGRESSIVE;
				CLANG_CXX_LANGUAGE_STANDARD = "gnu++14";
				CLANG_CXX_LIBRARY = "libc++";
				CLANG_ENABLE_MODULES = YES;
				CLANG_ENABLE_OBJC_ARC = YES;
				CLANG_ENABLE_OBJC_WEAK = YES;
				CLANG_WARN_BLOCK_CAPTURE_AUTORELEASING = YES;
				CLANG_WARN_BOOL_CONVERSION = YES;
				CLANG_WARN_COMMA = YES;
				CLANG_WARN_CONSTANT_CONVERSION = YES;
				CLANG_WARN_DEPRECATED_OBJC_IMPLEMENTATIONS = YES;
				CLANG_WARN_DIRECT_OBJC_ISA_USAGE = YES_ERROR;
				CLANG_WARN_DOCUMENTATION_COMMENTS = YES;
				CLANG_WARN_EMPTY_BODY = YES;
				CLANG_WARN_ENUM_CONVERSION = YES;
				CLANG_WARN_INFINITE_RECURSION = YES;
				CLANG_WARN_INT_CONVERSION = YES;
				CLANG_WARN_NON_LITERAL_NULL_CONVERSION = YES;
				CLANG_WARN_OBJC_IMPLICIT_RETAIN_SELF = YES;
				CLANG_WARN_OBJC_LITERAL_CONVERSION = YES;
				CLANG_WARN_OBJC_ROOT_CLASS = YES_ERROR;
				CLANG_WARN_QUOTED_INCLUDE_IN_FRAMEWORK_HEADER = YES;
				CLANG_WARN_RANGE_LOOP_ANALYSIS = YES;
				CLANG_WARN_STRICT_PROTOTYPES = YES;
				CLANG_WARN_SUSPICIOUS_MOVE = YES;
				CLANG_WARN_UNGUARDED_AVAILABILITY = YES_AGGRESSIVE;
				CLANG_WARN_UNREACHABLE_CODE = YES;
				CLANG_WARN__DUPLICATE_METHOD_MATCH = YES;
				COPY_PHASE_STRIP = NO;
				DEBUG_INFORMATION_FORMAT = "dwarf-with-dsym";
				ENABLE_NS_ASSERTIONS = NO;
				ENABLE_STRICT_OBJC_MSGSEND = YES;
				GCC_C_LANGUAGE_STANDARD = gnu11;
				GCC_NO_COMMON_BLOCKS = YES;
				GCC_WARN_64_TO_32_BIT_CONVERSION = YES;
				GCC_WARN_ABOUT_RETURN_TYPE = YES_ERROR;
				GCC_WARN_UNDECLARED_SELECTOR = YES;
				GCC_WARN_UNINITIALIZED_AUTOS = YES_AGGRESSIVE;
				GCC_WARN_UNUSED_FUNCTION = YES;
				GCC_WARN_UNUSED_VARIABLE = YES;
				IPHONEOS_DEPLOYMENT_TARGET = 14.1;
				MTL_ENABLE_DEBUG_INFO = NO;
				MTL_FAST_MATH = YES;
				SDKROOT = iphoneos;
				SWIFT_COMPILATION_MODE = wholemodule;
				SWIFT_OPTIMIZATION_LEVEL = "-O";
				VALIDATE_PRODUCT = YES;
			};
			name = Release;
		};
		933C60172562495B0038A9EA /* Debug */ = {
			isa = XCBuildConfiguration;
			buildSettings = {
				ASSETCATALOG_COMPILER_APPICON_NAME = AppIcon;
				ASSETCATALOG_COMPILER_GLOBAL_ACCENT_COLOR_NAME = AccentColor;
				CODE_SIGN_STYLE = Automatic;
				DEVELOPMENT_TEAM = 2Y36S8SCD5;
				INFOPLIST_FILE = NumberTicketApp/Info.plist;
				LD_RUNPATH_SEARCH_PATHS = (
					"$(inherited)",
					"@executable_path/Frameworks",
				);
				PRODUCT_BUNDLE_IDENTIFIER = com.zombietux.NumberTicketApp;
				PRODUCT_NAME = "$(TARGET_NAME)";
				SWIFT_VERSION = 5.0;
				TARGETED_DEVICE_FAMILY = "1,2";
			};
			name = Debug;
		};
		933C60182562495B0038A9EA /* Release */ = {
			isa = XCBuildConfiguration;
			buildSettings = {
				ASSETCATALOG_COMPILER_APPICON_NAME = AppIcon;
				ASSETCATALOG_COMPILER_GLOBAL_ACCENT_COLOR_NAME = AccentColor;
				CODE_SIGN_STYLE = Automatic;
				DEVELOPMENT_TEAM = 2Y36S8SCD5;
				INFOPLIST_FILE = NumberTicketApp/Info.plist;
				LD_RUNPATH_SEARCH_PATHS = (
					"$(inherited)",
					"@executable_path/Frameworks",
				);
				PRODUCT_BUNDLE_IDENTIFIER = com.zombietux.NumberTicketApp;
				PRODUCT_NAME = "$(TARGET_NAME)";
				SWIFT_VERSION = 5.0;
				TARGETED_DEVICE_FAMILY = "1,2";
			};
			name = Release;
		};
/* End XCBuildConfiguration section */

/* Begin XCConfigurationList section */
		933C5FFD2562495A0038A9EA /* Build configuration list for PBXProject "NumberTicketApp" */ = {
			isa = XCConfigurationList;
			buildConfigurations = (
				933C60142562495B0038A9EA /* Debug */,
				933C60152562495B0038A9EA /* Release */,
			);
			defaultConfigurationIsVisible = 0;
			defaultConfigurationName = Release;
		};
		933C60162562495B0038A9EA /* Build configuration list for PBXNativeTarget "NumberTicketApp" */ = {
			isa = XCConfigurationList;
			buildConfigurations = (
				933C60172562495B0038A9EA /* Debug */,
				933C60182562495B0038A9EA /* Release */,
			);
			defaultConfigurationIsVisible = 0;
			defaultConfigurationName = Release;
		};
/* End XCConfigurationList section */
	};
	rootObject = 933C5FFA2562495A0038A9EA /* Project object */;
}
