// !$*UTF8*$!
{
	archiveVersion = 1;
	classes = {
	};
	objectVersion = 50;
	objects = {

/* Begin PBXBuildFile section */
		93F692E5255A577900DEF8A0 /* AppDelegate.swift in Sources */ = {isa = PBXBuildFile; fileRef = 93F692E4255A577900DEF8A0 /* AppDelegate.swift */; };
		93F692E7255A577900DEF8A0 /* SceneDelegate.swift in Sources */ = {isa = PBXBuildFile; fileRef = 93F692E6255A577900DEF8A0 /* SceneDelegate.swift */; };
		93F692E9255A577900DEF8A0 /* ViewController.swift in Sources */ = {isa = PBXBuildFile; fileRef = 93F692E8255A577900DEF8A0 /* ViewController.swift */; };
		93F692EC255A577900DEF8A0 /* Main.storyboard in Resources */ = {isa = PBXBuildFile; fileRef = 93F692EA255A577900DEF8A0 /* Main.storyboard */; };
		93F692EE255A577C00DEF8A0 /* Assets.xcassets in Resources */ = {isa = PBXBuildFile; fileRef = 93F692ED255A577C00DEF8A0 /* Assets.xcassets */; };
		93F692F1255A577C00DEF8A0 /* LaunchScreen.storyboard in Resources */ = {isa = PBXBuildFile; fileRef = 93F692EF255A577C00DEF8A0 /* LaunchScreen.storyboard */; };
		93F69300255A77F200DEF8A0 /* UnitConverter.swift in Sources */ = {isa = PBXBuildFile; fileRef = 93F692FF255A77F200DEF8A0 /* UnitConverter.swift */; };
/* End PBXBuildFile section */

/* Begin PBXFileReference section */
		93F692E1255A577900DEF8A0 /* week2-tue.app */ = {isa = PBXFileReference; explicitFileType = wrapper.application; includeInIndex = 0; path = "week2-tue.app"; sourceTree = BUILT_PRODUCTS_DIR; };
		93F692E4255A577900DEF8A0 /* AppDelegate.swift */ = {isa = PBXFileReference; lastKnownFileType = sourcecode.swift; path = AppDelegate.swift; sourceTree = "<group>"; };
		93F692E6255A577900DEF8A0 /* SceneDelegate.swift */ = {isa = PBXFileReference; lastKnownFileType = sourcecode.swift; path = SceneDelegate.swift; sourceTree = "<group>"; };
		93F692E8255A577900DEF8A0 /* ViewController.swift */ = {isa = PBXFileReference; lastKnownFileType = sourcecode.swift; path = ViewController.swift; sourceTree = "<group>"; };
		93F692EB255A577900DEF8A0 /* Base */ = {isa = PBXFileReference; lastKnownFileType = file.storyboard; name = Base; path = Base.lproj/Main.storyboard; sourceTree = "<group>"; };
		93F692ED255A577C00DEF8A0 /* Assets.xcassets */ = {isa = PBXFileReference; lastKnownFileType = folder.assetcatalog; path = Assets.xcassets; sourceTree = "<group>"; };
		93F692F0255A577C00DEF8A0 /* Base */ = {isa = PBXFileReference; lastKnownFileType = file.storyboard; name = Base; path = Base.lproj/LaunchScreen.storyboard; sourceTree = "<group>"; };
		93F692F2255A577C00DEF8A0 /* Info.plist */ = {isa = PBXFileReference; lastKnownFileType = text.plist.xml; path = Info.plist; sourceTree = "<group>"; };
		93F692FF255A77F200DEF8A0 /* UnitConverter.swift */ = {isa = PBXFileReference; lastKnownFileType = sourcecode.swift; path = UnitConverter.swift; sourceTree = "<group>"; };
/* End PBXFileReference section */

/* Begin PBXFrameworksBuildPhase section */
		93F692DE255A577900DEF8A0 /* Frameworks */ = {
			isa = PBXFrameworksBuildPhase;
			buildActionMask = 2147483647;
			files = (
			);
			runOnlyForDeploymentPostprocessing = 0;
		};
/* End PBXFrameworksBuildPhase section */

/* Begin PBXGroup section */
		93F692D8255A577900DEF8A0 = {
			isa = PBXGroup;
			children = (
				93F692E3255A577900DEF8A0 /* week2-tue */,
				93F692E2255A577900DEF8A0 /* Products */,
			);
			sourceTree = "<group>";
		};
		93F692E2255A577900DEF8A0 /* Products */ = {
			isa = PBXGroup;
			children = (
				93F692E1255A577900DEF8A0 /* week2-tue.app */,
			);
			name = Products;
			sourceTree = "<group>";
		};
		93F692E3255A577900DEF8A0 /* week2-tue */ = {
			isa = PBXGroup;
			children = (
				93F692E4255A577900DEF8A0 /* AppDelegate.swift */,
				93F692E6255A577900DEF8A0 /* SceneDelegate.swift */,
				93F692E8255A577900DEF8A0 /* ViewController.swift */,
				93F692FF255A77F200DEF8A0 /* UnitConverter.swift */,
				93F692EA255A577900DEF8A0 /* Main.storyboard */,
				93F692ED255A577C00DEF8A0 /* Assets.xcassets */,
				93F692EF255A577C00DEF8A0 /* LaunchScreen.storyboard */,
				93F692F2255A577C00DEF8A0 /* Info.plist */,
			);
			path = "week2-tue";
			sourceTree = "<group>";
		};
/* End PBXGroup section */

/* Begin PBXNativeTarget section */
		93F692E0255A577900DEF8A0 /* week2-tue */ = {
			isa = PBXNativeTarget;
			buildConfigurationList = 93F692F5255A577C00DEF8A0 /* Build configuration list for PBXNativeTarget "week2-tue" */;
			buildPhases = (
				93F692DD255A577900DEF8A0 /* Sources */,
				93F692DE255A577900DEF8A0 /* Frameworks */,
				93F692DF255A577900DEF8A0 /* Resources */,
			);
			buildRules = (
			);
			dependencies = (
			);
			name = "week2-tue";
			productName = "week2-tue";
			productReference = 93F692E1255A577900DEF8A0 /* week2-tue.app */;
			productType = "com.apple.product-type.application";
		};
/* End PBXNativeTarget section */

/* Begin PBXProject section */
		93F692D9255A577900DEF8A0 /* Project object */ = {
			isa = PBXProject;
			attributes = {
				LastSwiftUpdateCheck = 1210;
				LastUpgradeCheck = 1210;
				TargetAttributes = {
					93F692E0255A577900DEF8A0 = {
						CreatedOnToolsVersion = 12.1;
					};
				};
			};
			buildConfigurationList = 93F692DC255A577900DEF8A0 /* Build configuration list for PBXProject "week2-tue" */;
			compatibilityVersion = "Xcode 9.3";
			developmentRegion = en;
			hasScannedForEncodings = 0;
			knownRegions = (
				en,
				Base,
			);
			mainGroup = 93F692D8255A577900DEF8A0;
			productRefGroup = 93F692E2255A577900DEF8A0 /* Products */;
			projectDirPath = "";
			projectRoot = "";
			targets = (
				93F692E0255A577900DEF8A0 /* week2-tue */,
			);
		};
/* End PBXProject section */

/* Begin PBXResourcesBuildPhase section */
		93F692DF255A577900DEF8A0 /* Resources */ = {
			isa = PBXResourcesBuildPhase;
			buildActionMask = 2147483647;
			files = (
				93F692F1255A577C00DEF8A0 /* LaunchScreen.storyboard in Resources */,
				93F692EE255A577C00DEF8A0 /* Assets.xcassets in Resources */,
				93F692EC255A577900DEF8A0 /* Main.storyboard in Resources */,
			);
			runOnlyForDeploymentPostprocessing = 0;
		};
/* End PBXResourcesBuildPhase section */

/* Begin PBXSourcesBuildPhase section */
		93F692DD255A577900DEF8A0 /* Sources */ = {
			isa = PBXSourcesBuildPhase;
			buildActionMask = 2147483647;
			files = (
				93F692E9255A577900DEF8A0 /* ViewController.swift in Sources */,
				93F692E5255A577900DEF8A0 /* AppDelegate.swift in Sources */,
				93F69300255A77F200DEF8A0 /* UnitConverter.swift in Sources */,
				93F692E7255A577900DEF8A0 /* SceneDelegate.swift in Sources */,
			);
			runOnlyForDeploymentPostprocessing = 0;
		};
/* End PBXSourcesBuildPhase section */

/* Begin PBXVariantGroup section */
		93F692EA255A577900DEF8A0 /* Main.storyboard */ = {
			isa = PBXVariantGroup;
			children = (
				93F692EB255A577900DEF8A0 /* Base */,
			);
			name = Main.storyboard;
			sourceTree = "<group>";
		};
		93F692EF255A577C00DEF8A0 /* LaunchScreen.storyboard */ = {
			isa = PBXVariantGroup;
			children = (
				93F692F0255A577C00DEF8A0 /* Base */,
			);
			name = LaunchScreen.storyboard;
			sourceTree = "<group>";
		};
/* End PBXVariantGroup section */

/* Begin XCBuildConfiguration section */
		93F692F3255A577C00DEF8A0 /* Debug */ = {
			isa = XCBuildConfiguration;
			buildSettings = {
				ALWAYS_SEARCH_USER_PATHS = NO;
				CLANG_ANALYZER_NONNULL = YES;
				CLANG_ANALYZER_NUMBER_OBJECT_CONVERSION = YES_AGGRESSIVE;
				CLANG_CXX_LANGUAGE_STANDARD = "gnu++14";
				CLANG_CXX_LIBRARY = "libc++";
				CLANG_ENABLE_MODULES = YES;
				CLANG_ENABLE_OBJC_ARC = YES;
				CLANG_ENABLE_OBJC_WEAK = YES;
				CLANG_WARN_BLOCK_CAPTURE_AUTORELEASING = YES;
				CLANG_WARN_BOOL_CONVERSION = YES;
				CLANG_WARN_COMMA = YES;
				CLANG_WARN_CONSTANT_CONVERSION = YES;
				CLANG_WARN_DEPRECATED_OBJC_IMPLEMENTATIONS = YES;
				CLANG_WARN_DIRECT_OBJC_ISA_USAGE = YES_ERROR;
				CLANG_WARN_DOCUMENTATION_COMMENTS = YES;
				CLANG_WARN_EMPTY_BODY = YES;
				CLANG_WARN_ENUM_CONVERSION = YES;
				CLANG_WARN_INFINITE_RECURSION = YES;
				CLANG_WARN_INT_CONVERSION = YES;
				CLANG_WARN_NON_LITERAL_NULL_CONVERSION = YES;
				CLANG_WARN_OBJC_IMPLICIT_RETAIN_SELF = YES;
				CLANG_WARN_OBJC_LITERAL_CONVERSION = YES;
				CLANG_WARN_OBJC_ROOT_CLASS = YES_ERROR;
				CLANG_WARN_QUOTED_INCLUDE_IN_FRAMEWORK_HEADER = YES;
				CLANG_WARN_RANGE_LOOP_ANALYSIS = YES;
				CLANG_WARN_STRICT_PROTOTYPES = YES;
				CLANG_WARN_SUSPICIOUS_MOVE = YES;
				CLANG_WARN_UNGUARDED_AVAILABILITY = YES_AGGRESSIVE;
				CLANG_WARN_UNREACHABLE_CODE = YES;
				CLANG_WARN__DUPLICATE_METHOD_MATCH = YES;
				COPY_PHASE_STRIP = NO;
				DEBUG_INFORMATION_FORMAT = dwarf;
				ENABLE_STRICT_OBJC_MSGSEND = YES;
				ENABLE_TESTABILITY = YES;
				GCC_C_LANGUAGE_STANDARD = gnu11;
				GCC_DYNAMIC_NO_PIC = NO;
				GCC_NO_COMMON_BLOCKS = YES;
				GCC_OPTIMIZATION_LEVEL = 0;
				GCC_PREPROCESSOR_DEFINITIONS = (
					"DEBUG=1",
					"$(inherited)",
				);
				GCC_WARN_64_TO_32_BIT_CONVERSION = YES;
				GCC_WARN_ABOUT_RETURN_TYPE = YES_ERROR;
				GCC_WARN_UNDECLARED_SELECTOR = YES;
				GCC_WARN_UNINITIALIZED_AUTOS = YES_AGGRESSIVE;
				GCC_WARN_UNUSED_FUNCTION = YES;
				GCC_WARN_UNUSED_VARIABLE = YES;
				IPHONEOS_DEPLOYMENT_TARGET = 14.1;
				MTL_ENABLE_DEBUG_INFO = INCLUDE_SOURCE;
				MTL_FAST_MATH = YES;
				ONLY_ACTIVE_ARCH = YES;
				SDKROOT = iphoneos;
				SWIFT_ACTIVE_COMPILATION_CONDITIONS = DEBUG;
				SWIFT_OPTIMIZATION_LEVEL = "-Onone";
			};
			name = Debug;
		};
		93F692F4255A577C00DEF8A0 /* Release */ = {
			isa = XCBuildConfiguration;
			buildSettings = {
				ALWAYS_SEARCH_USER_PATHS = NO;
				CLANG_ANALYZER_NONNULL = YES;
				CLANG_ANALYZER_NUMBER_OBJECT_CONVERSION = YES_AGGRESSIVE;
				CLANG_CXX_LANGUAGE_STANDARD = "gnu++14";
				CLANG_CXX_LIBRARY = "libc++";
				CLANG_ENABLE_MODULES = YES;
				CLANG_ENABLE_OBJC_ARC = YES;
				CLANG_ENABLE_OBJC_WEAK = YES;
				CLANG_WARN_BLOCK_CAPTURE_AUTORELEASING = YES;
				CLANG_WARN_BOOL_CONVERSION = YES;
				CLANG_WARN_COMMA = YES;
				CLANG_WARN_CONSTANT_CONVERSION = YES;
				CLANG_WARN_DEPRECATED_OBJC_IMPLEMENTATIONS = YES;
				CLANG_WARN_DIRECT_OBJC_ISA_USAGE = YES_ERROR;
				CLANG_WARN_DOCUMENTATION_COMMENTS = YES;
				CLANG_WARN_EMPTY_BODY = YES;
				CLANG_WARN_ENUM_CONVERSION = YES;
				CLANG_WARN_INFINITE_RECURSION = YES;
				CLANG_WARN_INT_CONVERSION = YES;
				CLANG_WARN_NON_LITERAL_NULL_CONVERSION = YES;
				CLANG_WARN_OBJC_IMPLICIT_RETAIN_SELF = YES;
				CLANG_WARN_OBJC_LITERAL_CONVERSION = YES;
				CLANG_WARN_OBJC_ROOT_CLASS = YES_ERROR;
				CLANG_WARN_QUOTED_INCLUDE_IN_FRAMEWORK_HEADER = YES;
				CLANG_WARN_RANGE_LOOP_ANALYSIS = YES;
				CLANG_WARN_STRICT_PROTOTYPES = YES;
				CLANG_WARN_SUSPICIOUS_MOVE = YES;
				CLANG_WARN_UNGUARDED_AVAILABILITY = YES_AGGRESSIVE;
				CLANG_WARN_UNREACHABLE_CODE = YES;
				CLANG_WARN__DUPLICATE_METHOD_MATCH = YES;
				COPY_PHASE_STRIP = NO;
				DEBUG_INFORMATION_FORMAT = "dwarf-with-dsym";
				ENABLE_NS_ASSERTIONS = NO;
				ENABLE_STRICT_OBJC_MSGSEND = YES;
				GCC_C_LANGUAGE_STANDARD = gnu11;
				GCC_NO_COMMON_BLOCKS = YES;
				GCC_WARN_64_TO_32_BIT_CONVERSION = YES;
				GCC_WARN_ABOUT_RETURN_TYPE = YES_ERROR;
				GCC_WARN_UNDECLARED_SELECTOR = YES;
				GCC_WARN_UNINITIALIZED_AUTOS = YES_AGGRESSIVE;
				GCC_WARN_UNUSED_FUNCTION = YES;
				GCC_WARN_UNUSED_VARIABLE = YES;
				IPHONEOS_DEPLOYMENT_TARGET = 14.1;
				MTL_ENABLE_DEBUG_INFO = NO;
				MTL_FAST_MATH = YES;
				SDKROOT = iphoneos;
				SWIFT_COMPILATION_MODE = wholemodule;
				SWIFT_OPTIMIZATION_LEVEL = "-O";
				VALIDATE_PRODUCT = YES;
			};
			name = Release;
		};
		93F692F6255A577C00DEF8A0 /* Debug */ = {
			isa = XCBuildConfiguration;
			buildSettings = {
				ASSETCATALOG_COMPILER_APPICON_NAME = AppIcon;
				ASSETCATALOG_COMPILER_GLOBAL_ACCENT_COLOR_NAME = AccentColor;
				CODE_SIGN_STYLE = Automatic;
				DEVELOPMENT_TEAM = 2Y36S8SCD5;
				INFOPLIST_FILE = "week2-tue/Info.plist";
				LD_RUNPATH_SEARCH_PATHS = (
					"$(inherited)",
					"@executable_path/Frameworks",
				);
				PRODUCT_BUNDLE_IDENTIFIER = "com.zombietux.week2-tue";
				PRODUCT_NAME = "$(TARGET_NAME)";
				SWIFT_VERSION = 5.0;
				TARGETED_DEVICE_FAMILY = "1,2";
			};
			name = Debug;
		};
		93F692F7255A577C00DEF8A0 /* Release */ = {
			isa = XCBuildConfiguration;
			buildSettings = {
				ASSETCATALOG_COMPILER_APPICON_NAME = AppIcon;
				ASSETCATALOG_COMPILER_GLOBAL_ACCENT_COLOR_NAME = AccentColor;
				CODE_SIGN_STYLE = Automatic;
				DEVELOPMENT_TEAM = 2Y36S8SCD5;
				INFOPLIST_FILE = "week2-tue/Info.plist";
				LD_RUNPATH_SEARCH_PATHS = (
					"$(inherited)",
					"@executable_path/Frameworks",
				);
				PRODUCT_BUNDLE_IDENTIFIER = "com.zombietux.week2-tue";
				PRODUCT_NAME = "$(TARGET_NAME)";
				SWIFT_VERSION = 5.0;
				TARGETED_DEVICE_FAMILY = "1,2";
			};
			name = Release;
		};
/* End XCBuildConfiguration section */

/* Begin XCConfigurationList section */
		93F692DC255A577900DEF8A0 /* Build configuration list for PBXProject "week2-tue" */ = {
			isa = XCConfigurationList;
			buildConfigurations = (
				93F692F3255A577C00DEF8A0 /* Debug */,
				93F692F4255A577C00DEF8A0 /* Release */,
			);
			defaultConfigurationIsVisible = 0;
			defaultConfigurationName = Release;
		};
		93F692F5255A577C00DEF8A0 /* Build configuration list for PBXNativeTarget "week2-tue" */ = {
			isa = XCConfigurationList;
			buildConfigurations = (
				93F692F6255A577C00DEF8A0 /* Debug */,
				93F692F7255A577C00DEF8A0 /* Release */,
			);
			defaultConfigurationIsVisible = 0;
			defaultConfigurationName = Release;
		};
/* End XCConfigurationList section */
	};
	rootObject = 93F692D9255A577900DEF8A0 /* Project object */;
}
